
Microsoft Visual Studio Solution File, Format Version 12.00
Project("{2150E333-8FDC-42A3-9474-1A3956D46DE8}") = "src", "src", "{827E0CD3-B72D-47B6-A68D-7590B98EB39B}"
EndProject
Project("{FAE04EC0-301F-11D3-BF4B-00C04F79EFBC}") = "MasterCraftRepairs.Domain", "src\MasterCraftRepairs.Domain\MasterCraftRepairs.Domain.csproj", "{9C3E9DCA-6F54-446D-8619-36E4E00453F0}"
EndProject
Project("{FAE04EC0-301F-11D3-BF4B-00C04F79EFBC}") = "MasterCraftRepairs.Application", "src\MasterCraftRepairs.Application\MasterCraftRepairs.Application.csproj", "{BCD75472-4566-4F58-9350-B1AB5BB666C5}"
EndProject
Project("{FAE04EC0-301F-11D3-BF4B-00C04F79EFBC}") = "MasterCraftRepairs.Infrastructure", "src\MasterCraftRepairs.Infrastructure\MasterCraftRepairs.Infrastructure.csproj", "{8F20F608-F6F8-4521-AD88-5109A02DD946}"
EndProject
Project("{FAE04EC0-301F-11D3-BF4B-00C04F79EFBC}") = "MasterCraftRepairs.WebAPI", "src\MasterCraftRepairs.WebAPI\MasterCraftRepairs.WebAPI.csproj", "{1BE64C9D-5B45-4397-B8A2-43CD527F25F7}"
EndProject
Project("{2150E333-8FDC-42A3-9474-1A3956D46DE8}") = "Client", "Client", "{A1B2C3D4-E5F6-4789-A012-B3456789CDEF}"
EndProject
Global
	GlobalSection(SolutionConfigurationPlatforms) = preSolution
		Debug|Any CPU = Debug|Any CPU
		Debug|x64 = Debug|x64
		Debug|x86 = Debug|x86
		Release|Any CPU = Release|Any CPU
		Release|x64 = Release|x64
		Release|x86 = Release|x86
	EndGlobalSection
	GlobalSection(ProjectConfigurationPlatforms) = postSolution
		{9C3E9DCA-6F54-446D-8619-36E4E00453F0}.Debug|Any CPU.ActiveCfg = Debug|Any CPU
		{9C3E9DCA-6F54-446D-8619-36E4E00453F0}.Debug|Any CPU.Build.0 = Debug|Any CPU
		{9C3E9DCA-6F54-446D-8619-36E4E00453F0}.Debug|x64.ActiveCfg = Debug|Any CPU
		{9C3E9DCA-6F54-446D-8619-36E4E00453F0}.Debug|x64.Build.0 = Debug|Any CPU
		{9C3E9DCA-6F54-446D-8619-36E4E00453F0}.Debug|x86.ActiveCfg = Debug|Any CPU
		{9C3E9DCA-6F54-446D-8619-36E4E00453F0}.Debug|x86.Build.0 = Debug|Any CPU
		{9C3E9DCA-6F54-446D-8619-36E4E00453F0}.Release|Any CPU.ActiveCfg = Release|Any CPU
		{9C3E9DCA-6F54-446D-8619-36E4E00453F0}.Release|Any CPU.Build.0 = Release|Any CPU
		{9C3E9DCA-6F54-446D-8619-36E4E00453F0}.Release|x64.ActiveCfg = Release|Any CPU
		{9C3E9DCA-6F54-446D-8619-36E4E00453F0}.Release|x64.Build.0 = Release|Any CPU
		{9C3E9DCA-6F54-446D-8619-36E4E00453F0}.Release|x86.ActiveCfg = Release|Any CPU
		{9C3E9DCA-6F54-446D-8619-36E4E00453F0}.Release|x86.Build.0 = Release|Any CPU
		{BCD75472-4566-4F58-9350-B1AB5BB666C5}.Debug|Any CPU.ActiveCfg = Debug|Any CPU
		{BCD75472-4566-4F58-9350-B1AB5BB666C5}.Debug|Any CPU.Build.0 = Debug|Any CPU
		{BCD75472-4566-4F58-9350-B1AB5BB666C5}.Debug|x64.ActiveCfg = Debug|Any CPU
		{BCD75472-4566-4F58-9350-B1AB5BB666C5}.Debug|x64.Build.0 = Debug|Any CPU
		{BCD75472-4566-4F58-9350-B1AB5BB666C5}.Debug|x86.ActiveCfg = Debug|Any CPU
		{BCD75472-4566-4F58-9350-B1AB5BB666C5}.Debug|x86.Build.0 = Debug|Any CPU
		{BCD75472-4566-4F58-9350-B1AB5BB666C5}.Release|Any CPU.ActiveCfg = Release|Any CPU
		{BCD75472-4566-4F58-9350-B1AB5BB666C5}.Release|Any CPU.Build.0 = Release|Any CPU
		{BCD75472-4566-4F58-9350-B1AB5BB666C5}.Release|x64.ActiveCfg = Release|Any CPU
		{BCD75472-4566-4F58-9350-B1AB5BB666C5}.Release|x64.Build.0 = Release|Any CPU
		{BCD75472-4566-4F58-9350-B1AB5BB666C5}.Release|x86.ActiveCfg = Release|Any CPU
		{BCD75472-4566-4F58-9350-B1AB5BB666C5}.Release|x86.Build.0 = Release|Any CPU
		{8F20F608-F6F8-4521-AD88-5109A02DD946}.Debug|Any CPU.ActiveCfg = Debug|Any CPU
		{8F20F608-F6F8-4521-AD88-5109A02DD946}.Debug|Any CPU.Build.0 = Debug|Any CPU
		{8F20F608-F6F8-4521-AD88-5109A02DD946}.Debug|x64.ActiveCfg = Debug|Any CPU
		{8F20F608-F6F8-4521-AD88-5109A02DD946}.Debug|x64.Build.0 = Debug|Any CPU
		{8F20F608-F6F8-4521-AD88-5109A02DD946}.Debug|x86.ActiveCfg = Debug|Any CPU
		{8F20F608-F6F8-4521-AD88-5109A02DD946}.Debug|x86.Build.0 = Debug|Any CPU
		{8F20F608-F6F8-4521-AD88-5109A02DD946}.Release|Any CPU.ActiveCfg = Release|Any CPU
		{8F20F608-F6F8-4521-AD88-5109A02DD946}.Release|Any CPU.Build.0 = Release|Any CPU
		{8F20F608-F6F8-4521-AD88-5109A02DD946}.Release|x64.ActiveCfg = Release|Any CPU
		{8F20F608-F6F8-4521-AD88-5109A02DD946}.Release|x64.Build.0 = Release|Any CPU
		{8F20F608-F6F8-4521-AD88-5109A02DD946}.Release|x86.ActiveCfg = Release|Any CPU
		{8F20F608-F6F8-4521-AD88-5109A02DD946}.Release|x86.Build.0 = Release|Any CPU
		{1BE64C9D-5B45-4397-B8A2-43CD527F25F7}.Debug|Any CPU.ActiveCfg = Debug|Any CPU
		{1BE64C9D-5B45-4397-B8A2-43CD527F25F7}.Debug|Any CPU.Build.0 = Debug|Any CPU
		{1BE64C9D-5B45-4397-B8A2-43CD527F25F7}.Debug|x64.ActiveCfg = Debug|Any CPU
		{1BE64C9D-5B45-4397-B8A2-43CD527F25F7}.Debug|x64.Build.0 = Debug|Any CPU
		{1BE64C9D-5B45-4397-B8A2-43CD527F25F7}.Debug|x86.ActiveCfg = Debug|Any CPU
		{1BE64C9D-5B45-4397-B8A2-43CD527F25F7}.Debug|x86.Build.0 = Debug|Any CPU
		{1BE64C9D-5B45-4397-B8A2-43CD527F25F7}.Release|Any CPU.ActiveCfg = Release|Any CPU
		{1BE64C9D-5B45-4397-B8A2-43CD527F25F7}.Release|Any CPU.Build.0 = Release|Any CPU
		{1BE64C9D-5B45-4397-B8A2-43CD527F25F7}.Release|x64.ActiveCfg = Release|Any CPU
		{1BE64C9D-5B45-4397-B8A2-43CD527F25F7}.Release|x64.Build.0 = Release|Any CPU
		{1BE64C9D-5B45-4397-B8A2-43CD527F25F7}.Release|x86.ActiveCfg = Release|Any CPU
		{1BE64C9D-5B45-4397-B8A2-43CD527F25F7}.Release|x86.Build.0 = Release|Any CPU
	EndGlobalSection
	GlobalSection(SolutionProperties) = preSolution
		HideSolutionNode = FALSE
	EndGlobalSection
	GlobalSection(NestedProjects) = preSolution
		{9C3E9DCA-6F54-446D-8619-36E4E00453F0} = {827E0CD3-B72D-47B6-A68D-7590B98EB39B}
		{BCD75472-4566-4F58-9350-B1AB5BB666C5} = {827E0CD3-B72D-47B6-A68D-7590B98EB39B}
		{8F20F608-F6F8-4521-AD88-5109A02DD946} = {827E0CD3-B72D-47B6-A68D-7590B98EB39B}
		{1BE64C9D-5B45-4397-B8A2-43CD527F25F7} = {827E0CD3-B72D-47B6-A68D-7590B98EB39B}
		{A1B2C3D4-E5F6-4789-A012-B3456789CDEF} = {827E0CD3-B72D-47B6-A68D-7590B98EB39B}
	EndGlobalSection
EndGlobal
